# This file is automatically @generated by Wally.
# It is not intended for manual editing.
registry = "test"

[[package]]
name = "osyrisrblx/t"
version = "3.0.0"
dependencies = []

[[package]]
name = "zxibs/signalservice"
version = "0.4.2"
dependencies = [["t", "osyrisrblx/t@3.0.0"]]

[[package]]
name = "zxibs/wrapperservice"
version = "0.3.5"
dependencies = [["SignalService", "zxibs/signalservice@0.4.2"], ["t", "osyrisrblx/t@3.0.0"]]

[[package]]
name = "zxibs/wrapperservice-test"
version = "0.1.0"
dependencies = [["WrapperService", "zxibs/wrapperservice@0.3.5"]]
