# This file is automatically @generated by Wally.
# It is not intended for manual editing.
registry = "test"

[[package]]
name = "zxibs/signalservice"
version = "0.4.1"
dependencies = []

[[package]]
name = "zxibs/testing"
version = "0.1.0"
dependencies = [["WrapperService", "zxibs/wrapperservice@0.3.4"]]

[[package]]
name = "zxibs/wrapperservice"
version = "0.3.4"
dependencies = [["SignalService", "zxibs/signalservice@0.4.1"]]
